// !$*UTF8*$!
{
	archiveVersion = 1;
	classes = {
	};
	objectVersion = 48;
	objects = {

/* Begin PBXBuildFile section */
		846650C21F9CFE4F00AFA3B3 /* playsoundsviewcontroller-audio.swift in Sources */ = {isa = PBXBuildFile; fileRef = 846650C11F9CFE4F00AFA3B3 /* playsoundsviewcontroller-audio.swift */; };
		8470EB701F8A274E00D8D326 /* AppDelegate.swift in Sources */ = {isa = PBXBuildFile; fileRef = 8470EB6F1F8A274E00D8D326 /* AppDelegate.swift */; };
		8470EB721F8A274E00D8D326 /* RecordSoundsViewController.swift in Sources */ = {isa = PBXBuildFile; fileRef = 8470EB711F8A274E00D8D326 /* RecordSoundsViewController.swift */; };
		8470EB751F8A274E00D8D326 /* Main.storyboard in Resources */ = {isa = PBXBuildFile; fileRef = 8470EB731F8A274E00D8D326 /* Main.storyboard */; };
		8470EB771F8A274E00D8D326 /* Assets.xcassets in Resources */ = {isa = PBXBuildFile; fileRef = 8470EB761F8A274E00D8D326 /* Assets.xcassets */; };
		8470EB7A1F8A274E00D8D326 /* LaunchScreen.storyboard in Resources */ = {isa = PBXBuildFile; fileRef = 8470EB781F8A274E00D8D326 /* LaunchScreen.storyboard */; };
		8470EB851F8A274E00D8D326 /* PitchPerfectTests.swift in Sources */ = {isa = PBXBuildFile; fileRef = 8470EB841F8A274E00D8D326 /* PitchPerfectTests.swift */; };
		8470EB901F8A274E00D8D326 /* PitchPerfectUITests.swift in Sources */ = {isa = PBXBuildFile; fileRef = 8470EB8F1F8A274E00D8D326 /* PitchPerfectUITests.swift */; };
		84755A8B1F97E0B200D90448 /* PlaySoundsViewController.swift in Sources */ = {isa = PBXBuildFile; fileRef = 84755A8A1F97E0B200D90448 /* PlaySoundsViewController.swift */; };
/* End PBXBuildFile section */

/* Begin PBXContainerItemProxy section */
		8470EB811F8A274E00D8D326 /* PBXContainerItemProxy */ = {
			isa = PBXContainerItemProxy;
			containerPortal = 8470EB641F8A274E00D8D326 /* Project object */;
			proxyType = 1;
			remoteGlobalIDString = 8470EB6B1F8A274E00D8D326;
			remoteInfo = PitchPerfect;
		};
		8470EB8C1F8A274E00D8D326 /* PBXContainerItemProxy */ = {
			isa = PBXContainerItemProxy;
			containerPortal = 8470EB641F8A274E00D8D326 /* Project object */;
			proxyType = 1;
			remoteGlobalIDString = 8470EB6B1F8A274E00D8D326;
			remoteInfo = PitchPerfect;
		};
/* End PBXContainerItemProxy section */

/* Begin PBXFileReference section */
		846650C11F9CFE4F00AFA3B3 /* playsoundsviewcontroller-audio.swift */ = {isa = PBXFileReference; fileEncoding = 4; lastKnownFileType = sourcecode.swift; name = "playsoundsviewcontroller-audio.swift"; path = "../../../Downloads/playsoundsviewcontroller-audio.swift"; sourceTree = "<group>"; };
		8470EB6C1F8A274E00D8D326 /* PitchPerfect.app */ = {isa = PBXFileReference; explicitFileType = wrapper.application; includeInIndex = 0; path = PitchPerfect.app; sourceTree = BUILT_PRODUCTS_DIR; };
		8470EB6F1F8A274E00D8D326 /* AppDelegate.swift */ = {isa = PBXFileReference; lastKnownFileType = sourcecode.swift; path = AppDelegate.swift; sourceTree = "<group>"; };
		8470EB711F8A274E00D8D326 /* RecordSoundsViewController.swift */ = {isa = PBXFileReference; lastKnownFileType = sourcecode.swift; path = RecordSoundsViewController.swift; sourceTree = "<group>"; };
		8470EB741F8A274E00D8D326 /* Base */ = {isa = PBXFileReference; lastKnownFileType = file.storyboard; name = Base; path = Base.lproj/Main.storyboard; sourceTree = "<group>"; };
		8470EB761F8A274E00D8D326 /* Assets.xcassets */ = {isa = PBXFileReference; lastKnownFileType = folder.assetcatalog; path = Assets.xcassets; sourceTree = "<group>"; };
		8470EB791F8A274E00D8D326 /* Base */ = {isa = PBXFileReference; lastKnownFileType = file.storyboard; name = Base; path = Base.lproj/LaunchScreen.storyboard; sourceTree = "<group>"; };
		8470EB7B1F8A274E00D8D326 /* Info.plist */ = {isa = PBXFileReference; lastKnownFileType = text.plist.xml; path = Info.plist; sourceTree = "<group>"; };
		8470EB801F8A274E00D8D326 /* PitchPerfectTests.xctest */ = {isa = PBXFileReference; explicitFileType = wrapper.cfbundle; includeInIndex = 0; path = PitchPerfectTests.xctest; sourceTree = BUILT_PRODUCTS_DIR; };
		8470EB841F8A274E00D8D326 /* PitchPerfectTests.swift */ = {isa = PBXFileReference; lastKnownFileType = sourcecode.swift; path = PitchPerfectTests.swift; sourceTree = "<group>"; };
		8470EB861F8A274E00D8D326 /* Info.plist */ = {isa = PBXFileReference; lastKnownFileType = text.plist.xml; path = Info.plist; sourceTree = "<group>"; };
		8470EB8B1F8A274E00D8D326 /* PitchPerfectUITests.xctest */ = {isa = PBXFileReference; explicitFileType = wrapper.cfbundle; includeInIndex = 0; path = PitchPerfectUITests.xctest; sourceTree = BUILT_PRODUCTS_DIR; };
		8470EB8F1F8A274E00D8D326 /* PitchPerfectUITests.swift */ = {isa = PBXFileReference; lastKnownFileType = sourcecode.swift; path = PitchPerfectUITests.swift; sourceTree = "<group>"; };
		8470EB911F8A274E00D8D326 /* Info.plist */ = {isa = PBXFileReference; lastKnownFileType = text.plist.xml; path = Info.plist; sourceTree = "<group>"; };
		84755A8A1F97E0B200D90448 /* PlaySoundsViewController.swift */ = {isa = PBXFileReference; lastKnownFileType = sourcecode.swift; path = PlaySoundsViewController.swift; sourceTree = "<group>"; };
/* End PBXFileReference section */

/* Begin PBXFrameworksBuildPhase section */
		8470EB691F8A274E00D8D326 /* Frameworks */ = {
			isa = PBXFrameworksBuildPhase;
			buildActionMask = 2147483647;
			files = (
			);
			runOnlyForDeploymentPostprocessing = 0;
		};
		8470EB7D1F8A274E00D8D326 /* Frameworks */ = {
			isa = PBXFrameworksBuildPhase;
			buildActionMask = 2147483647;
			files = (
			);
			runOnlyForDeploymentPostprocessing = 0;
		};
		8470EB881F8A274E00D8D326 /* Frameworks */ = {
			isa = PBXFrameworksBuildPhase;
			buildActionMask = 2147483647;
			files = (
			);
			runOnlyForDeploymentPostprocessing = 0;
		};
/* End PBXFrameworksBuildPhase section */

/* Begin PBXGroup section */
		8470EB631F8A274E00D8D326 = {
			isa = PBXGroup;
			children = (
				8470EB6E1F8A274E00D8D326 /* PitchPerfect */,
				8470EB831F8A274E00D8D326 /* PitchPerfectTests */,
				8470EB8E1F8A274E00D8D326 /* PitchPerfectUITests */,
				8470EB6D1F8A274E00D8D326 /* Products */,
			);
			sourceTree = "<group>";
		};
		8470EB6D1F8A274E00D8D326 /* Products */ = {
			isa = PBXGroup;
			children = (
				8470EB6C1F8A274E00D8D326 /* PitchPerfect.app */,
				8470EB801F8A274E00D8D326 /* PitchPerfectTests.xctest */,
				8470EB8B1F8A274E00D8D326 /* PitchPerfectUITests.xctest */,
			);
			name = Products;
			sourceTree = "<group>";
		};
		8470EB6E1F8A274E00D8D326 /* PitchPerfect */ = {
			isa = PBXGroup;
			children = (
				8470EB6F1F8A274E00D8D326 /* AppDelegate.swift */,
				8470EB711F8A274E00D8D326 /* RecordSoundsViewController.swift */,
				8470EB731F8A274E00D8D326 /* Main.storyboard */,
				8470EB761F8A274E00D8D326 /* Assets.xcassets */,
				8470EB781F8A274E00D8D326 /* LaunchScreen.storyboard */,
				8470EB7B1F8A274E00D8D326 /* Info.plist */,
				84755A8A1F97E0B200D90448 /* PlaySoundsViewController.swift */,
				846650C11F9CFE4F00AFA3B3 /* playsoundsviewcontroller-audio.swift */,
			);
			path = PitchPerfect;
			sourceTree = "<group>";
		};
		8470EB831F8A274E00D8D326 /* PitchPerfectTests */ = {
			isa = PBXGroup;
			children = (
				8470EB841F8A274E00D8D326 /* PitchPerfectTests.swift */,
				8470EB861F8A274E00D8D326 /* Info.plist */,
			);
			path = PitchPerfectTests;
			sourceTree = "<group>";
		};
		8470EB8E1F8A274E00D8D326 /* PitchPerfectUITests */ = {
			isa = PBXGroup;
			children = (
				8470EB8F1F8A274E00D8D326 /* PitchPerfectUITests.swift */,
				8470EB911F8A274E00D8D326 /* Info.plist */,
			);
			path = PitchPerfectUITests;
			sourceTree = "<group>";
		};
/* End PBXGroup section */

/* Begin PBXNativeTarget section */
		8470EB6B1F8A274E00D8D326 /* PitchPerfect */ = {
			isa = PBXNativeTarget;
			buildConfigurationList = 8470EB941F8A274E00D8D326 /* Build configuration list for PBXNativeTarget "PitchPerfect" */;
			buildPhases = (
				8470EB681F8A274E00D8D326 /* Sources */,
				8470EB691F8A274E00D8D326 /* Frameworks */,
				8470EB6A1F8A274E00D8D326 /* Resources */,
			);
			buildRules = (
			);
			dependencies = (
			);
			name = PitchPerfect;
			productName = PitchPerfect;
			productReference = 8470EB6C1F8A274E00D8D326 /* PitchPerfect.app */;
			productType = "com.apple.product-type.application";
		};
		8470EB7F1F8A274E00D8D326 /* PitchPerfectTests */ = {
			isa = PBXNativeTarget;
			buildConfigurationList = 8470EB971F8A274E00D8D326 /* Build configuration list for PBXNativeTarget "PitchPerfectTests" */;
			buildPhases = (
				8470EB7C1F8A274E00D8D326 /* Sources */,
				8470EB7D1F8A274E00D8D326 /* Frameworks */,
				8470EB7E1F8A274E00D8D326 /* Resources */,
			);
			buildRules = (
			);
			dependencies = (
				8470EB821F8A274E00D8D326 /* PBXTargetDependency */,
			);
			name = PitchPerfectTests;
			productName = PitchPerfectTests;
			productReference = 8470EB801F8A274E00D8D326 /* PitchPerfectTests.xctest */;
			productType = "com.apple.product-type.bundle.unit-test";
		};
		8470EB8A1F8A274E00D8D326 /* PitchPerfectUITests */ = {
			isa = PBXNativeTarget;
			buildConfigurationList = 8470EB9A1F8A274E00D8D326 /* Build configuration list for PBXNativeTarget "PitchPerfectUITests" */;
			buildPhases = (
				8470EB871F8A274E00D8D326 /* Sources */,
				8470EB881F8A274E00D8D326 /* Frameworks */,
				8470EB891F8A274E00D8D326 /* Resources */,
			);
			buildRules = (
			);
			dependencies = (
				8470EB8D1F8A274E00D8D326 /* PBXTargetDependency */,
			);
			name = PitchPerfectUITests;
			productName = PitchPerfectUITests;
			productReference = 8470EB8B1F8A274E00D8D326 /* PitchPerfectUITests.xctest */;
			productType = "com.apple.product-type.bundle.ui-testing";
		};
/* End PBXNativeTarget section */

/* Begin PBXProject section */
		8470EB641F8A274E00D8D326 /* Project object */ = {
			isa = PBXProject;
			attributes = {
				LastSwiftUpdateCheck = 0910;
				LastUpgradeCheck = 0910;
				ORGANIZATIONNAME = Udacity;
				TargetAttributes = {
					8470EB6B1F8A274E00D8D326 = {
						CreatedOnToolsVersion = 9.1;
						ProvisioningStyle = Automatic;
					};
					8470EB7F1F8A274E00D8D326 = {
						CreatedOnToolsVersion = 9.1;
						ProvisioningStyle = Automatic;
						TestTargetID = 8470EB6B1F8A274E00D8D326;
					};
					8470EB8A1F8A274E00D8D326 = {
						CreatedOnToolsVersion = 9.1;
						ProvisioningStyle = Automatic;
						TestTargetID = 8470EB6B1F8A274E00D8D326;
					};
				};
			};
			buildConfigurationList = 8470EB671F8A274E00D8D326 /* Build configuration list for PBXProject "PitchPerfect" */;
			compatibilityVersion = "Xcode 8.0";
			developmentRegion = en;
			hasScannedForEncodings = 0;
			knownRegions = (
				en,
				Base,
			);
			mainGroup = 8470EB631F8A274E00D8D326;
			productRefGroup = 8470EB6D1F8A274E00D8D326 /* Products */;
			projectDirPath = "";
			projectRoot = "";
			targets = (
				8470EB6B1F8A274E00D8D326 /* PitchPerfect */,
				8470EB7F1F8A274E00D8D326 /* PitchPerfectTests */,
				8470EB8A1F8A274E00D8D326 /* PitchPerfectUITests */,
			);
		};
/* End PBXProject section */

/* Begin PBXResourcesBuildPhase section */
		8470EB6A1F8A274E00D8D326 /* Resources */ = {
			isa = PBXResourcesBuildPhase;
			buildActionMask = 2147483647;
			files = (
				8470EB7A1F8A274E00D8D326 /* LaunchScreen.storyboard in Resources */,
				8470EB771F8A274E00D8D326 /* Assets.xcassets in Resources */,
				8470EB751F8A274E00D8D326 /* Main.storyboard in Resources */,
			);
			runOnlyForDeploymentPostprocessing = 0;
		};
		8470EB7E1F8A274E00D8D326 /* Resources */ = {
			isa = PBXResourcesBuildPhase;
			buildActionMask = 2147483647;
			files = (
			);
			runOnlyForDeploymentPostprocessing = 0;
		};
		8470EB891F8A274E00D8D326 /* Resources */ = {
			isa = PBXResourcesBuildPhase;
			buildActionMask = 2147483647;
			files = (
			);
			runOnlyForDeploymentPostprocessing = 0;
		};
/* End PBXResourcesBuildPhase section */

/* Begin PBXSourcesBuildPhase section */
		8470EB681F8A274E00D8D326 /* Sources */ = {
			isa = PBXSourcesBuildPhase;
			buildActionMask = 2147483647;
			files = (
				8470EB721F8A274E00D8D326 /* RecordSoundsViewController.swift in Sources */,
				84755A8B1F97E0B200D90448 /* PlaySoundsViewController.swift in Sources */,
				8470EB701F8A274E00D8D326 /* AppDelegate.swift in Sources */,
				846650C21F9CFE4F00AFA3B3 /* playsoundsviewcontroller-audio.swift in Sources */,
			);
			runOnlyForDeploymentPostprocessing = 0;
		};
		8470EB7C1F8A274E00D8D326 /* Sources */ = {
			isa = PBXSourcesBuildPhase;
			buildActionMask = 2147483647;
			files = (
				8470EB851F8A274E00D8D326 /* PitchPerfectTests.swift in Sources */,
			);
			runOnlyForDeploymentPostprocessing = 0;
		};
		8470EB871F8A274E00D8D326 /* Sources */ = {
			isa = PBXSourcesBuildPhase;
			buildActionMask = 2147483647;
			files = (
				8470EB901F8A274E00D8D326 /* PitchPerfectUITests.swift in Sources */,
			);
			runOnlyForDeploymentPostprocessing = 0;
		};
/* End PBXSourcesBuildPhase section */

/* Begin PBXTargetDependency section */
		8470EB821F8A274E00D8D326 /* PBXTargetDependency */ = {
			isa = PBXTargetDependency;
			target = 8470EB6B1F8A274E00D8D326 /* PitchPerfect */;
			targetProxy = 8470EB811F8A274E00D8D326 /* PBXContainerItemProxy */;
		};
		8470EB8D1F8A274E00D8D326 /* PBXTargetDependency */ = {
			isa = PBXTargetDependency;
			target = 8470EB6B1F8A274E00D8D326 /* PitchPerfect */;
			targetProxy = 8470EB8C1F8A274E00D8D326 /* PBXContainerItemProxy */;
		};
/* End PBXTargetDependency section */

/* Begin PBXVariantGroup section */
		8470EB731F8A274E00D8D326 /* Main.storyboard */ = {
			isa = PBXVariantGroup;
			children = (
				8470EB741F8A274E00D8D326 /* Base */,
			);
			name = Main.storyboard;
			sourceTree = "<group>";
		};
		8470EB781F8A274E00D8D326 /* LaunchScreen.storyboard */ = {
			isa = PBXVariantGroup;
			children = (
				8470EB791F8A274E00D8D326 /* Base */,
			);
			name = LaunchScreen.storyboard;
			sourceTree = "<group>";
		};
/* End PBXVariantGroup section */

/* Begin XCBuildConfiguration section */
		8470EB921F8A274E00D8D326 /* Debug */ = {
			isa = XCBuildConfiguration;
			buildSettings = {
				ALWAYS_SEARCH_USER_PATHS = NO;
				CLANG_ANALYZER_NONNULL = YES;
				CLANG_ANALYZER_NUMBER_OBJECT_CONVERSION = YES_AGGRESSIVE;
				CLANG_CXX_LANGUAGE_STANDARD = "gnu++14";
				CLANG_CXX_LIBRARY = "libc++";
				CLANG_ENABLE_MODULES = YES;
				CLANG_ENABLE_OBJC_ARC = YES;
				CLANG_WARN_BLOCK_CAPTURE_AUTORELEASING = YES;
				CLANG_WARN_BOOL_CONVERSION = YES;
				CLANG_WARN_COMMA = YES;
				CLANG_WARN_CONSTANT_CONVERSION = YES;
				CLANG_WARN_DIRECT_OBJC_ISA_USAGE = YES_ERROR;
				CLANG_WARN_DOCUMENTATION_COMMENTS = YES;
				CLANG_WARN_EMPTY_BODY = YES;
				CLANG_WARN_ENUM_CONVERSION = YES;
				CLANG_WARN_INFINITE_RECURSION = YES;
				CLANG_WARN_INT_CONVERSION = YES;
				CLANG_WARN_NON_LITERAL_NULL_CONVERSION = YES;
				CLANG_WARN_OBJC_LITERAL_CONVERSION = YES;
				CLANG_WARN_OBJC_ROOT_CLASS = YES_ERROR;
				CLANG_WARN_RANGE_LOOP_ANALYSIS = YES;
				CLANG_WARN_STRICT_PROTOTYPES = YES;
				CLANG_WARN_SUSPICIOUS_MOVE = YES;
				CLANG_WARN_UNGUARDED_AVAILABILITY = YES_AGGRESSIVE;
				CLANG_WARN_UNREACHABLE_CODE = YES;
				CLANG_WARN__DUPLICATE_METHOD_MATCH = YES;
				CODE_SIGN_IDENTITY = "iPhone Developer";
				COPY_PHASE_STRIP = NO;
				DEBUG_INFORMATION_FORMAT = dwarf;
				ENABLE_STRICT_OBJC_MSGSEND = YES;
				ENABLE_TESTABILITY = YES;
				GCC_C_LANGUAGE_STANDARD = gnu11;
				GCC_DYNAMIC_NO_PIC = NO;
				GCC_NO_COMMON_BLOCKS = YES;
				GCC_OPTIMIZATION_LEVEL = 0;
				GCC_PREPROCESSOR_DEFINITIONS = (
					"DEBUG=1",
					"$(inherited)",
				);
				GCC_WARN_64_TO_32_BIT_CONVERSION = YES;
				GCC_WARN_ABOUT_RETURN_TYPE = YES_ERROR;
				GCC_WARN_UNDECLARED_SELECTOR = YES;
				GCC_WARN_UNINITIALIZED_AUTOS = YES_AGGRESSIVE;
				GCC_WARN_UNUSED_FUNCTION = YES;
				GCC_WARN_UNUSED_VARIABLE = YES;
				IPHONEOS_DEPLOYMENT_TARGET = 11.1;
				MTL_ENABLE_DEBUG_INFO = YES;
				ONLY_ACTIVE_ARCH = YES;
				SDKROOT = iphoneos;
				SWIFT_ACTIVE_COMPILATION_CONDITIONS = DEBUG;
				SWIFT_OPTIMIZATION_LEVEL = "-Onone";
			};
			name = Debug;
		};
		8470EB931F8A274E00D8D326 /* Release */ = {
			isa = XCBuildConfiguration;
			buildSettings = {
				ALWAYS_SEARCH_USER_PATHS = NO;
				CLANG_ANALYZER_NONNULL = YES;
				CLANG_ANALYZER_NUMBER_OBJECT_CONVERSION = YES_AGGRESSIVE;
				CLANG_CXX_LANGUAGE_STANDARD = "gnu++14";
				CLANG_CXX_LIBRARY = "libc++";
				CLANG_ENABLE_MODULES = YES;
				CLANG_ENABLE_OBJC_ARC = YES;
				CLANG_WARN_BLOCK_CAPTURE_AUTORELEASING = YES;
				CLANG_WARN_BOOL_CONVERSION = YES;
				CLANG_WARN_COMMA = YES;
				CLANG_WARN_CONSTANT_CONVERSION = YES;
				CLANG_WARN_DIRECT_OBJC_ISA_USAGE = YES_ERROR;
				CLANG_WARN_DOCUMENTATION_COMMENTS = YES;
				CLANG_WARN_EMPTY_BODY = YES;
				CLANG_WARN_ENUM_CONVERSION = YES;
				CLANG_WARN_INFINITE_RECURSION = YES;
				CLANG_WARN_INT_CONVERSION = YES;
				CLANG_WARN_NON_LITERAL_NULL_CONVERSION = YES;
				CLANG_WARN_OBJC_LITERAL_CONVERSION = YES;
				CLANG_WARN_OBJC_ROOT_CLASS = YES_ERROR;
				CLANG_WARN_RANGE_LOOP_ANALYSIS = YES;
				CLANG_WARN_STRICT_PROTOTYPES = YES;
				CLANG_WARN_SUSPICIOUS_MOVE = YES;
				CLANG_WARN_UNGUARDED_AVAILABILITY = YES_AGGRESSIVE;
				CLANG_WARN_UNREACHABLE_CODE = YES;
				CLANG_WARN__DUPLICATE_METHOD_MATCH = YES;
				CODE_SIGN_IDENTITY = "iPhone Developer";
				COPY_PHASE_STRIP = NO;
				DEBUG_INFORMATION_FORMAT = "dwarf-with-dsym";
				ENABLE_NS_ASSERTIONS = NO;
				ENABLE_STRICT_OBJC_MSGSEND = YES;
				GCC_C_LANGUAGE_STANDARD = gnu11;
				GCC_NO_COMMON_BLOCKS = YES;
				GCC_WARN_64_TO_32_BIT_CONVERSION = YES;
				GCC_WARN_ABOUT_RETURN_TYPE = YES_ERROR;
				GCC_WARN_UNDECLARED_SELECTOR = YES;
				GCC_WARN_UNINITIALIZED_AUTOS = YES_AGGRESSIVE;
				GCC_WARN_UNUSED_FUNCTION = YES;
				GCC_WARN_UNUSED_VARIABLE = YES;
				IPHONEOS_DEPLOYMENT_TARGET = 11.1;
				MTL_ENABLE_DEBUG_INFO = NO;
				SDKROOT = iphoneos;
				SWIFT_OPTIMIZATION_LEVEL = "-Owholemodule";
				VALIDATE_PRODUCT = YES;
			};
			name = Release;
		};
		8470EB951F8A274E00D8D326 /* Debug */ = {
			isa = XCBuildConfiguration;
			buildSettings = {
				ASSETCATALOG_COMPILER_APPICON_NAME = AppIcon;
				CODE_SIGN_STYLE = Automatic;
				INFOPLIST_FILE = PitchPerfect/Info.plist;
				LD_RUNPATH_SEARCH_PATHS = "$(inherited) @executable_path/Frameworks";
				PRODUCT_BUNDLE_IDENTIFIER = com.udacity.PitchPerfect;
				PRODUCT_NAME = "$(TARGET_NAME)";
				SWIFT_VERSION = 4.0;
				TARGETED_DEVICE_FAMILY = "1,2";
			};
			name = Debug;
		};
		8470EB961F8A274E00D8D326 /* Release */ = {
			isa = XCBuildConfiguration;
			buildSettings = {
				ASSETCATALOG_COMPILER_APPICON_NAME = AppIcon;
				CODE_SIGN_STYLE = Automatic;
				INFOPLIST_FILE = PitchPerfect/Info.plist;
				LD_RUNPATH_SEARCH_PATHS = "$(inherited) @executable_path/Frameworks";
				PRODUCT_BUNDLE_IDENTIFIER = com.udacity.PitchPerfect;
				PRODUCT_NAME = "$(TARGET_NAME)";
				SWIFT_VERSION = 4.0;
				TARGETED_DEVICE_FAMILY = "1,2";
			};
			name = Release;
		};
		8470EB981F8A274E00D8D326 /* Debug */ = {
			isa = XCBuildConfiguration;
			buildSettings = {
				ALWAYS_EMBED_SWIFT_STANDARD_LIBRARIES = YES;
				BUNDLE_LOADER = "$(TEST_HOST)";
				CODE_SIGN_STYLE = Automatic;
				INFOPLIST_FILE = PitchPerfectTests/Info.plist;
				LD_RUNPATH_SEARCH_PATHS = "$(inherited) @executable_path/Frameworks @loader_path/Frameworks";
				PRODUCT_BUNDLE_IDENTIFIER = com.udacity.PitchPerfectTests;
				PRODUCT_NAME = "$(TARGET_NAME)";
				SWIFT_VERSION = 4.0;
				TARGETED_DEVICE_FAMILY = "1,2";
				TEST_HOST = "$(BUILT_PRODUCTS_DIR)/PitchPerfect.app/PitchPerfect";
			};
			name = Debug;
		};
		8470EB991F8A274E00D8D326 /* Release */ = {
			isa = XCBuildConfiguration;
			buildSettings = {
				ALWAYS_EMBED_SWIFT_STANDARD_LIBRARIES = YES;
				BUNDLE_LOADER = "$(TEST_HOST)";
				CODE_SIGN_STYLE = Automatic;
				INFOPLIST_FILE = PitchPerfectTests/Info.plist;
				LD_RUNPATH_SEARCH_PATHS = "$(inherited) @executable_path/Frameworks @loader_path/Frameworks";
				PRODUCT_BUNDLE_IDENTIFIER = com.udacity.PitchPerfectTests;
				PRODUCT_NAME = "$(TARGET_NAME)";
				SWIFT_VERSION = 4.0;
				TARGETED_DEVICE_FAMILY = "1,2";
				TEST_HOST = "$(BUILT_PRODUCTS_DIR)/PitchPerfect.app/PitchPerfect";
			};
			name = Release;
		};
		8470EB9B1F8A274E00D8D326 /* Debug */ = {
			isa = XCBuildConfiguration;
			buildSettings = {
				ALWAYS_EMBED_SWIFT_STANDARD_LIBRARIES = YES;
				CODE_SIGN_STYLE = Automatic;
				INFOPLIST_FILE = PitchPerfectUITests/Info.plist;
				LD_RUNPATH_SEARCH_PATHS = "$(inherited) @executable_path/Frameworks @loader_path/Frameworks";
				PRODUCT_BUNDLE_IDENTIFIER = com.udacity.PitchPerfectUITests;
				PRODUCT_NAME = "$(TARGET_NAME)";
				SWIFT_VERSION = 4.0;
				TARGETED_DEVICE_FAMILY = "1,2";
				TEST_TARGET_NAME = PitchPerfect;
			};
			name = Debug;
		};
		8470EB9C1F8A274E00D8D326 /* Release */ = {
			isa = XCBuildConfiguration;
			buildSettings = {
				ALWAYS_EMBED_SWIFT_STANDARD_LIBRARIES = YES;
				CODE_SIGN_STYLE = Automatic;
				INFOPLIST_FILE = PitchPerfectUITests/Info.plist;
				LD_RUNPATH_SEARCH_PATHS = "$(inherited) @executable_path/Frameworks @loader_path/Frameworks";
				PRODUCT_BUNDLE_IDENTIFIER = com.udacity.PitchPerfectUITests;
				PRODUCT_NAME = "$(TARGET_NAME)";
				SWIFT_VERSION = 4.0;
				TARGETED_DEVICE_FAMILY = "1,2";
				TEST_TARGET_NAME = PitchPerfect;
			};
			name = Release;
		};
/* End XCBuildConfiguration section */

/* Begin XCConfigurationList section */
		8470EB671F8A274E00D8D326 /* Build configuration list for PBXProject "PitchPerfect" */ = {
			isa = XCConfigurationList;
			buildConfigurations = (
				8470EB921F8A274E00D8D326 /* Debug */,
				8470EB931F8A274E00D8D326 /* Release */,
			);
			defaultConfigurationIsVisible = 0;
			defaultConfigurationName = Release;
		};
		8470EB941F8A274E00D8D326 /* Build configuration list for PBXNativeTarget "PitchPerfect" */ = {
			isa = XCConfigurationList;
			buildConfigurations = (
				8470EB951F8A274E00D8D326 /* Debug */,
				8470EB961F8A274E00D8D326 /* Release */,
			);
			defaultConfigurationIsVisible = 0;
			defaultConfigurationName = Release;
		};
		8470EB971F8A274E00D8D326 /* Build configuration list for PBXNativeTarget "PitchPerfectTests" */ = {
			isa = XCConfigurationList;
			buildConfigurations = (
				8470EB981F8A274E00D8D326 /* Debug */,
				8470EB991F8A274E00D8D326 /* Release */,
			);
			defaultConfigurationIsVisible = 0;
			defaultConfigurationName = Release;
		};
		8470EB9A1F8A274E00D8D326 /* Build configuration list for PBXNativeTarget "PitchPerfectUITests" */ = {
			isa = XCConfigurationList;
			buildConfigurations = (
				8470EB9B1F8A274E00D8D326 /* Debug */,
				8470EB9C1F8A274E00D8D326 /* Release */,
			);
			defaultConfigurationIsVisible = 0;
			defaultConfigurationName = Release;
		};
/* End XCConfigurationList section */
	};
	rootObject = 8470EB641F8A274E00D8D326 /* Project object */;
}
